
Microsoft Visual Studio Solution File, Format Version 12.00
# Visual Studio Version 16
VisualStudioVersion = 16.0.29709.97
MinimumVisualStudioVersion = 10.0.40219.1
Project("{FAE04EC0-301F-11D3-BF4B-00C04F79EFBC}") = "Fixture03", "Fixture03.csproj", "{33B9FC64-8798-4836-BBA1-779F0DA2CBD9}"
EndProject
Global
	GlobalSection(SolutionConfigurationPlatforms) = preSolution
		Debug|Any CPU = Debug|Any CPU
		Release|Any CPU = Release|Any CPU
	EndGlobalSection
	GlobalSection(ProjectConfigurationPlatforms) = postSolution
		{33B9FC64-8798-4836-BBA1-779F0DA2CBD9}.Debug|Any CPU.ActiveCfg = Debug|Any CPU
		{33B9FC64-8798-4836-BBA1-779F0DA2CBD9}.Debug|Any CPU.Build.0 = Debug|Any CPU
		{33B9FC64-8798-4836-BBA1-779F0DA2CBD9}.Release|Any CPU.ActiveCfg = Release|Any CPU
		{33B9FC64-8798-4836-BBA1-779F0DA2CBD9}.Release|Any CPU.Build.0 = Release|Any CPU
	EndGlobalSection
	GlobalSection(SolutionProperties) = preSolution
		HideSolutionNode = FALSE
	EndGlobalSection
	GlobalSection(ExtensibilityGlobals) = postSolution
		SolutionGuid = {0E5A73CB-0377-4DDB-8BD5-F8D9E9F96F75}
	EndGlobalSection
EndGlobal
